
Microsoft Visual Studio Solution File, Format Version 12.00
# Visual Studio Version 17
VisualStudioVersion = 17.6.33829.357
MinimumVisualStudioVersion = 10.0.40219.1
Project("{FAE04EC0-301F-11D3-BF4B-00C04F79EFBC}") = "NextStepUni.Domain", "NextStepUni.Domain\NextStepUni.Domain.csproj", "{5B4CA2EE-8198-424F-90D0-C4CB2C4CDBB8}"
EndProject
Project("{FAE04EC0-301F-11D3-BF4B-00C04F79EFBC}") = "NextStepUni.Application", "NextStepUni.Application\NextStepUni.Application.csproj", "{EC09868E-67B8-40F5-A59D-ACFB8E6459A9}"
EndProject
Project("{FAE04EC0-301F-11D3-BF4B-00C04F79EFBC}") = "NextStepUni.Infrastructure", "NextStepUni.Infrastructure\NextStepUni.Infrastructure.csproj", "{C2FF63B6-B0DB-469E-BDBB-44C04ED138A8}"
EndProject
Project("{FAE04EC0-301F-11D3-BF4B-00C04F79EFBC}") = "NextStepUni.API", "NextStepUni.API\NextStepUni.API.csproj", "{3B60CE3D-86C6-42AB-BFAD-5097C39D546A}"
EndProject
Project("{2150E333-8FDC-42A3-9474-1A3956D46DE8}") = "Solution Items", "Solution Items", "{8EC462FD-D22E-90A8-E5CE-7E832BA40C5D}"
	ProjectSection(SolutionItems) = preProject
		.gitignore = .gitignore
		nixpacks.toml = nixpacks.toml
		railway.json = railway.json
	EndProjectSection
EndProject
Global
	GlobalSection(SolutionConfigurationPlatforms) = preSolution
		Debug|Any CPU = Debug|Any CPU
		Release|Any CPU = Release|Any CPU
	EndGlobalSection
	GlobalSection(ProjectConfigurationPlatforms) = postSolution
		{5B4CA2EE-8198-424F-90D0-C4CB2C4CDBB8}.Debug|Any CPU.ActiveCfg = Debug|Any CPU
		{5B4CA2EE-8198-424F-90D0-C4CB2C4CDBB8}.Debug|Any CPU.Build.0 = Debug|Any CPU
		{5B4CA2EE-8198-424F-90D0-C4CB2C4CDBB8}.Release|Any CPU.ActiveCfg = Release|Any CPU
		{5B4CA2EE-8198-424F-90D0-C4CB2C4CDBB8}.Release|Any CPU.Build.0 = Release|Any CPU
		{EC09868E-67B8-40F5-A59D-ACFB8E6459A9}.Debug|Any CPU.ActiveCfg = Debug|Any CPU
		{EC09868E-67B8-40F5-A59D-ACFB8E6459A9}.Debug|Any CPU.Build.0 = Debug|Any CPU
		{EC09868E-67B8-40F5-A59D-ACFB8E6459A9}.Release|Any CPU.ActiveCfg = Release|Any CPU
		{EC09868E-67B8-40F5-A59D-ACFB8E6459A9}.Release|Any CPU.Build.0 = Release|Any CPU
		{C2FF63B6-B0DB-469E-BDBB-44C04ED138A8}.Debug|Any CPU.ActiveCfg = Debug|Any CPU
		{C2FF63B6-B0DB-469E-BDBB-44C04ED138A8}.Debug|Any CPU.Build.0 = Debug|Any CPU
		{C2FF63B6-B0DB-469E-BDBB-44C04ED138A8}.Release|Any CPU.ActiveCfg = Release|Any CPU
		{C2FF63B6-B0DB-469E-BDBB-44C04ED138A8}.Release|Any CPU.Build.0 = Release|Any CPU
		{3B60CE3D-86C6-42AB-BFAD-5097C39D546A}.Debug|Any CPU.ActiveCfg = Debug|Any CPU
		{3B60CE3D-86C6-42AB-BFAD-5097C39D546A}.Debug|Any CPU.Build.0 = Debug|Any CPU
		{3B60CE3D-86C6-42AB-BFAD-5097C39D546A}.Release|Any CPU.ActiveCfg = Release|Any CPU
		{3B60CE3D-86C6-42AB-BFAD-5097C39D546A}.Release|Any CPU.Build.0 = Release|Any CPU
	EndGlobalSection
	GlobalSection(SolutionProperties) = preSolution
		HideSolutionNode = FALSE
	EndGlobalSection
	GlobalSection(ExtensibilityGlobals) = postSolution
		SolutionGuid = {8C455CF5-03A3-43B3-B10B-C1735BAF886E}
	EndGlobalSection
EndGlobal
